{
  "requires": true,
  "lockfileVersion": 1,
  "dependencies": {
    "gitbook-plugin-back-to-top-button": {
      "version": "0.1.4",
      "resolved": "https://registry.npmmirror.com/gitbook-plugin-back-to-top-button/-/gitbook-plugin-back-to-top-button-0.1.4.tgz",
      "integrity": "sha1-5iGDOLDvGdWOb2YAmUNQt26ANd8="
    },
    "gitbook-plugin-code": {
      "version": "0.1.0",
      "resolved": "https://registry.npmmirror.com/gitbook-plugin-code/-/gitbook-plugin-code-0.1.0.tgz",
      "integrity": "sha1-gRqWALrvdViuGTzufVgQABZn6Xs="
    },
    "gitbook-plugin-donate": {
      "version": "1.0.2",
      "resolved": "https://registry.npmmirror.com/gitbook-plugin-donate/-/gitbook-plugin-donate-1.0.2.tgz",
      "integrity": "sha1-telSLNaTFY4a/ueAtfATk/0yP2Q="
    },
    "gitbook-plugin-edit-link": {
      "version": "2.0.2",
      "resolved": "https://registry.npmmirror.com/gitbook-plugin-edit-link/-/gitbook-plugin-edit-link-2.0.2.tgz",
      "integrity": "sha1-2PzZJ+ztgeemYqctWdtgnq/X5y8="
    },
    "gitbook-plugin-expandable-chapters": {
      "version": "0.2.0",
      "resolved": "https://registry.npmmirror.com/gitbook-plugin-expandable-chapters/-/gitbook-plugin-expandable-chapters-0.2.0.tgz",
      "integrity": "sha1-RdcIeuaQekH0gSjFT+ViJKnBraI="
    },
    "gitbook-plugin-github-buttons": {
      "version": "2.1.0",
      "resolved": "https://registry.npmmirror.com/gitbook-plugin-github-buttons/-/gitbook-plugin-github-buttons-2.1.0.tgz",
      "integrity": "sha1-eZOqHmwgUeF0POTiw3PEPbZeiuQ="
    },
    "gitbook-plugin-links": {
      "version": "3.0.1",
      "resolved": "https://registry.npmmirror.com/gitbook-plugin-links/-/gitbook-plugin-links-3.0.1.tgz",
      "integrity": "sha512-Jmv1SkupgUC1/izRbnCnCsrXnxRDlBE0qInhMR4o86FWEUqXQ4Sb4411Z1XLpMKl3HzOaK4KG0+iK34fOrOhaw=="
    },
    "gitbook-plugin-page-footer-ex": {
      "version": "0.1.2",
      "resolved": "https://registry.npmmirror.com/gitbook-plugin-page-footer-ex/-/gitbook-plugin-page-footer-ex-0.1.2.tgz",
      "integrity": "sha512-Ii7fRWSEM0ER0f9rnBIonzmkBvbTJLU2GD5v4XFQEQDHTJ3w7zpRs/n45HxCaIMdK8/Nf11YoOYBjgYDUsxTtw==",
      "requires": {
        "moment": "^2.10.6"
      }
    },
    "gitbook-plugin-pageview-count": {
      "version": "1.0.1",
      "resolved": "https://registry.npmmirror.com/gitbook-plugin-pageview-count/-/gitbook-plugin-pageview-count-1.0.1.tgz",
      "integrity": "sha1-38W0u5KQ9QMAXyhVnQcRQl1vlME="
    },
    "gitbook-plugin-popup": {
      "version": "0.0.1",
      "resolved": "https://registry.npmmirror.com/gitbook-plugin-popup/-/gitbook-plugin-popup-0.0.1.tgz",
      "integrity": "sha1-6iOOXiSMNc9Lc9KH3fVw8J3/Yzw="
    },
    "gitbook-plugin-search-plus": {
      "version": "1.0.3",
      "resolved": "https://registry.npmmirror.com/gitbook-plugin-search-plus/-/gitbook-plugin-search-plus-1.0.3.tgz",
      "integrity": "sha1-oy7GCZ5WQTkCJMv3XIx34PiuMVw=",
      "requires": {
        "html-entities": "1.2.0"
      }
    },
    "gitbook-plugin-sharing-plus": {
      "version": "0.0.2",
      "resolved": "https://registry.npmmirror.com/gitbook-plugin-sharing-plus/-/gitbook-plugin-sharing-plus-0.0.2.tgz",
      "integrity": "sha1-FstYGACikvAbvY19Ic6jID0Jcz8=",
      "requires": {
        "lodash": "^3.10.1"
      }
    },
    "gitbook-plugin-sidebar-style": {
      "version": "1.0.2",
      "resolved": "https://registry.npmmirror.com/gitbook-plugin-sidebar-style/-/gitbook-plugin-sidebar-style-1.0.2.tgz",
      "integrity": "sha512-jMUdoI8X+HvCrdK/HLlBsLUkooeXsXTis9qoX3hXO32pdSK323njEfxrGmDwhysV0UmKP6JGsxbNjl8Vak0omA=="
    },
    "gitbook-plugin-splitter": {
      "version": "0.0.8",
      "resolved": "https://registry.npmmirror.com/gitbook-plugin-splitter/-/gitbook-plugin-splitter-0.0.8.tgz",
      "integrity": "sha1-8rBRMGD8kma0awQYLk7KHUtx+vw="
    },
    "gitbook-plugin-tbfed-pagefooter": {
      "version": "0.0.1",
      "resolved": "https://registry.npmmirror.com/gitbook-plugin-tbfed-pagefooter/-/gitbook-plugin-tbfed-pagefooter-0.0.1.tgz",
      "integrity": "sha1-Fu54QGLdhQQmTEd+h2X8ScQb7T0=",
      "requires": {
        "moment": "^2.10.6"
      }
    },
    "html-entities": {
      "version": "1.2.0",
      "resolved": "https://registry.npmmirror.com/html-entities/-/html-entities-1.2.0.tgz",
      "integrity": "sha1-QZSMr4XOgv7Tbk5qDtNxpmZDeeI="
    },
    "lodash": {
      "version": "3.10.1",
      "resolved": "https://registry.npmmirror.com/lodash/-/lodash-3.10.1.tgz",
      "integrity": "sha1-W/Rejkm6QYnhfUgnid/RW9FAt7Y="
    },
    "moment": {
      "version": "2.29.4",
      "resolved": "https://registry.npmmirror.com/moment/-/moment-2.29.4.tgz",
      "integrity": "sha1-Pb4FKIn+fBsu2Wb8s6dzKJZO8Qg="
    }
  }
}
